
Microsoft Visual Studio Solution File, Format Version 12.00
# Visual Studio Version 16
VisualStudioVersion = 16.0.29519.87
MinimumVisualStudioVersion = 10.0.40219.1
Project("{FAE04EC0-301F-11D3-BF4B-00C04F79EFBC}") = "AbstractFactory", "AbstractFactory.csproj", "{F916F967-7B34-4E40-8D73-136E8FA326CA}"
EndProject
Global
	GlobalSection(SolutionConfigurationPlatforms) = preSolution
		Debug|Any CPU = Debug|Any CPU
		Release|Any CPU = Release|Any CPU
	EndGlobalSection
	GlobalSection(ProjectConfigurationPlatforms) = postSolution
		{F916F967-7B34-4E40-8D73-136E8FA326CA}.Debug|Any CPU.ActiveCfg = Debug|Any CPU
		{F916F967-7B34-4E40-8D73-136E8FA326CA}.Debug|Any CPU.Build.0 = Debug|Any CPU
		{F916F967-7B34-4E40-8D73-136E8FA326CA}.Release|Any CPU.ActiveCfg = Release|Any CPU
		{F916F967-7B34-4E40-8D73-136E8FA326CA}.Release|Any CPU.Build.0 = Release|Any CPU
	EndGlobalSection
	GlobalSection(SolutionProperties) = preSolution
		HideSolutionNode = FALSE
	EndGlobalSection
	GlobalSection(ExtensibilityGlobals) = postSolution
		SolutionGuid = {36A105BF-0901-490E-8DD1-F96143FBF287}
	EndGlobalSection
EndGlobal
